
Microsoft Visual Studio Solution File, Format Version 12.00
# Visual Studio Version 17
VisualStudioVersion = 17.10.35122.118
MinimumVisualStudioVersion = 10.0.40219.1
Project("{FAE04EC0-301F-11D3-BF4B-00C04F79EFBC}") = "SentinelOS", "SentinelOS\SentinelOS.csproj", "{D8569F84-9249-4C40-BE16-47E267CD2780}"
EndProject
Global
	GlobalSection(SolutionConfigurationPlatforms) = preSolution
		Debug|Any CPU = Debug|Any CPU
		Release|Any CPU = Release|Any CPU
	EndGlobalSection
	GlobalSection(ProjectConfigurationPlatforms) = postSolution
		{D8569F84-9249-4C40-BE16-47E267CD2780}.Debug|Any CPU.ActiveCfg = Debug|Any CPU
		{D8569F84-9249-4C40-BE16-47E267CD2780}.Debug|Any CPU.Build.0 = Debug|Any CPU
		{D8569F84-9249-4C40-BE16-47E267CD2780}.Release|Any CPU.ActiveCfg = Release|Any CPU
		{D8569F84-9249-4C40-BE16-47E267CD2780}.Release|Any CPU.Build.0 = Release|Any CPU
	EndGlobalSection
	GlobalSection(SolutionProperties) = preSolution
		HideSolutionNode = FALSE
	EndGlobalSection
	GlobalSection(ExtensibilityGlobals) = postSolution
		SolutionGuid = {AF2DBA3B-4895-427C-9F77-51EF9272D838}
	EndGlobalSection
EndGlobal
